
Microsoft Visual Studio Solution File, Format Version 12.00
# Visual Studio Version 16
VisualStudioVersion = 16.0.32407.337
MinimumVisualStudioVersion = 10.0.40219.1
Project("{FAE04EC0-301F-11D3-BF4B-00C04F79EFBC}") = "Day01", "Day01\Day01.csproj", "{4305C93C-6D05-4C4F-A806-1ECFC64E4B5E}"
EndProject
Project("{FAE04EC0-301F-11D3-BF4B-00C04F79EFBC}") = "Day02", "Day02\Day02.csproj", "{4CB34177-8EC7-42CF-AA88-8ED316C870F0}"
EndProject
Project("{FAE04EC0-301F-11D3-BF4B-00C04F79EFBC}") = "Day03", "Day03\Day03.csproj", "{481B8FF4-D6C6-4F4B-A7FF-AC7D6755910E}"
EndProject
Project("{FAE04EC0-301F-11D3-BF4B-00C04F79EFBC}") = "Day04", "Day04\Day04.csproj", "{DE0EA50F-0AA9-425A-9B92-E1C9F57CD188}"
EndProject
Project("{FAE04EC0-301F-11D3-BF4B-00C04F79EFBC}") = "Day05", "Day05\Day05.csproj", "{E02851CB-03A6-43A8-BCE1-817A3E73ADD1}"
EndProject
Project("{FAE04EC0-301F-11D3-BF4B-00C04F79EFBC}") = "Day06", "Day06\Day06.csproj", "{F0575B3E-4002-4D79-AAE4-6454732C589F}"
EndProject
Project("{FAE04EC0-301F-11D3-BF4B-00C04F79EFBC}") = "Day07", "Day07\Day07.csproj", "{243677FB-EEC0-455A-A852-D1A9EBCA2E0A}"
EndProject
Project("{FAE04EC0-301F-11D3-BF4B-00C04F79EFBC}") = "Day08", "Day08\Day08.csproj", "{84F404E4-67D0-4124-B46F-E3279C14CCBC}"
EndProject
Project("{FAE04EC0-301F-11D3-BF4B-00C04F79EFBC}") = "Day09", "Day09\Day09.csproj", "{E183F2CC-22EE-4FCB-AD11-5C0FE2113A4C}"
EndProject
Project("{FAE04EC0-301F-11D3-BF4B-00C04F79EFBC}") = "Day10", "Day10\Day10.csproj", "{71F07D53-B2B7-4002-A483-A3555AB1F981}"
EndProject
Project("{FAE04EC0-301F-11D3-BF4B-00C04F79EFBC}") = "Day11", "Day11\Day11.csproj", "{4470654D-54E3-4526-B9A6-86E0FE5C7836}"
EndProject
Project("{FAE04EC0-301F-11D3-BF4B-00C04F79EFBC}") = "Day12", "Day12\Day12.csproj", "{E4660D03-CE89-430E-9A32-D15F88ADB474}"
EndProject
Project("{FAE04EC0-301F-11D3-BF4B-00C04F79EFBC}") = "Day13", "Day13\Day13.csproj", "{25A0BE6D-492A-4E1D-80B0-72643059A8D6}"
EndProject
Project("{FAE04EC0-301F-11D3-BF4B-00C04F79EFBC}") = "Day14", "Day14\Day14.csproj", "{92040F22-30F7-4A84-BF59-8144603B52BA}"
EndProject
Project("{FAE04EC0-301F-11D3-BF4B-00C04F79EFBC}") = "Day15", "Day15\Day15.csproj", "{E3DFD4A3-5213-4711-B92B-4BF358CDB71C}"
EndProject
Project("{FAE04EC0-301F-11D3-BF4B-00C04F79EFBC}") = "Day16", "Day16\Day16.csproj", "{1A49073A-F699-46E5-90E0-5EF1EFBF7068}"
EndProject
Project("{FAE04EC0-301F-11D3-BF4B-00C04F79EFBC}") = "Day17", "Day17\Day17.csproj", "{D70463C8-FF1C-4DA8-879D-8E34DAC7EA48}"
EndProject
Project("{FAE04EC0-301F-11D3-BF4B-00C04F79EFBC}") = "Day18", "Day18\Day18.csproj", "{020C3F97-FC5D-415E-96B6-55E6563D704E}"
EndProject
Project("{FAE04EC0-301F-11D3-BF4B-00C04F79EFBC}") = "Day19", "Day19\Day19.csproj", "{B0BB323C-7A5F-4059-9E14-B44A11881E2B}"
EndProject
Project("{FAE04EC0-301F-11D3-BF4B-00C04F79EFBC}") = "Day20", "Day20\Day20.csproj", "{5A7109B7-DA40-4CD0-8AAF-B86151A9333D}"
EndProject
Project("{FAE04EC0-301F-11D3-BF4B-00C04F79EFBC}") = "Day21", "Day21\Day21.csproj", "{6E79E40C-7956-445B-9B86-F6E7037EA80A}"
EndProject
Project("{FAE04EC0-301F-11D3-BF4B-00C04F79EFBC}") = "Day22", "Day22\Day22.csproj", "{8F51224E-D890-419A-9CA5-21D19FBDEEC4}"
EndProject
Project("{FAE04EC0-301F-11D3-BF4B-00C04F79EFBC}") = "Day23", "Day23\Day23.csproj", "{303716F0-535C-48D1-9033-DB4B01803516}"
EndProject
Project("{FAE04EC0-301F-11D3-BF4B-00C04F79EFBC}") = "Day24", "Day24\Day24.csproj", "{C602CCAE-0EF0-4F16-A6B8-92A71C222AD2}"
EndProject
Project("{FAE04EC0-301F-11D3-BF4B-00C04F79EFBC}") = "Day25", "Day25\Day25.csproj", "{0AEB0875-23FD-4A2B-918E-D8BD38973582}"
EndProject
Global
	GlobalSection(SolutionConfigurationPlatforms) = preSolution
		Debug|Any CPU = Debug|Any CPU
		Release|Any CPU = Release|Any CPU
	EndGlobalSection
	GlobalSection(ProjectConfigurationPlatforms) = postSolution
		{4305C93C-6D05-4C4F-A806-1ECFC64E4B5E}.Debug|Any CPU.ActiveCfg = Debug|Any CPU
		{4305C93C-6D05-4C4F-A806-1ECFC64E4B5E}.Debug|Any CPU.Build.0 = Debug|Any CPU
		{4305C93C-6D05-4C4F-A806-1ECFC64E4B5E}.Release|Any CPU.ActiveCfg = Release|Any CPU
		{4305C93C-6D05-4C4F-A806-1ECFC64E4B5E}.Release|Any CPU.Build.0 = Release|Any CPU
		{4CB34177-8EC7-42CF-AA88-8ED316C870F0}.Debug|Any CPU.ActiveCfg = Debug|Any CPU
		{4CB34177-8EC7-42CF-AA88-8ED316C870F0}.Debug|Any CPU.Build.0 = Debug|Any CPU
		{4CB34177-8EC7-42CF-AA88-8ED316C870F0}.Release|Any CPU.ActiveCfg = Release|Any CPU
		{4CB34177-8EC7-42CF-AA88-8ED316C870F0}.Release|Any CPU.Build.0 = Release|Any CPU
		{481B8FF4-D6C6-4F4B-A7FF-AC7D6755910E}.Debug|Any CPU.ActiveCfg = Debug|Any CPU
		{481B8FF4-D6C6-4F4B-A7FF-AC7D6755910E}.Debug|Any CPU.Build.0 = Debug|Any CPU
		{481B8FF4-D6C6-4F4B-A7FF-AC7D6755910E}.Release|Any CPU.ActiveCfg = Release|Any CPU
		{481B8FF4-D6C6-4F4B-A7FF-AC7D6755910E}.Release|Any CPU.Build.0 = Release|Any CPU
		{DE0EA50F-0AA9-425A-9B92-E1C9F57CD188}.Debug|Any CPU.ActiveCfg = Debug|Any CPU
		{DE0EA50F-0AA9-425A-9B92-E1C9F57CD188}.Debug|Any CPU.Build.0 = Debug|Any CPU
		{DE0EA50F-0AA9-425A-9B92-E1C9F57CD188}.Release|Any CPU.ActiveCfg = Release|Any CPU
		{DE0EA50F-0AA9-425A-9B92-E1C9F57CD188}.Release|Any CPU.Build.0 = Release|Any CPU
		{E02851CB-03A6-43A8-BCE1-817A3E73ADD1}.Debug|Any CPU.ActiveCfg = Debug|Any CPU
		{E02851CB-03A6-43A8-BCE1-817A3E73ADD1}.Debug|Any CPU.Build.0 = Debug|Any CPU
		{E02851CB-03A6-43A8-BCE1-817A3E73ADD1}.Release|Any CPU.ActiveCfg = Release|Any CPU
		{E02851CB-03A6-43A8-BCE1-817A3E73ADD1}.Release|Any CPU.Build.0 = Release|Any CPU
		{F0575B3E-4002-4D79-AAE4-6454732C589F}.Debug|Any CPU.ActiveCfg = Debug|Any CPU
		{F0575B3E-4002-4D79-AAE4-6454732C589F}.Debug|Any CPU.Build.0 = Debug|Any CPU
		{F0575B3E-4002-4D79-AAE4-6454732C589F}.Release|Any CPU.ActiveCfg = Release|Any CPU
		{F0575B3E-4002-4D79-AAE4-6454732C589F}.Release|Any CPU.Build.0 = Release|Any CPU
		{243677FB-EEC0-455A-A852-D1A9EBCA2E0A}.Debug|Any CPU.ActiveCfg = Debug|Any CPU
		{243677FB-EEC0-455A-A852-D1A9EBCA2E0A}.Debug|Any CPU.Build.0 = Debug|Any CPU
		{243677FB-EEC0-455A-A852-D1A9EBCA2E0A}.Release|Any CPU.ActiveCfg = Release|Any CPU
		{243677FB-EEC0-455A-A852-D1A9EBCA2E0A}.Release|Any CPU.Build.0 = Release|Any CPU
		{84F404E4-67D0-4124-B46F-E3279C14CCBC}.Debug|Any CPU.ActiveCfg = Debug|Any CPU
		{84F404E4-67D0-4124-B46F-E3279C14CCBC}.Debug|Any CPU.Build.0 = Debug|Any CPU
		{84F404E4-67D0-4124-B46F-E3279C14CCBC}.Release|Any CPU.ActiveCfg = Release|Any CPU
		{84F404E4-67D0-4124-B46F-E3279C14CCBC}.Release|Any CPU.Build.0 = Release|Any CPU
		{E183F2CC-22EE-4FCB-AD11-5C0FE2113A4C}.Debug|Any CPU.ActiveCfg = Debug|Any CPU
		{E183F2CC-22EE-4FCB-AD11-5C0FE2113A4C}.Debug|Any CPU.Build.0 = Debug|Any CPU
		{E183F2CC-22EE-4FCB-AD11-5C0FE2113A4C}.Release|Any CPU.ActiveCfg = Release|Any CPU
		{E183F2CC-22EE-4FCB-AD11-5C0FE2113A4C}.Release|Any CPU.Build.0 = Release|Any CPU
		{71F07D53-B2B7-4002-A483-A3555AB1F981}.Debug|Any CPU.ActiveCfg = Debug|Any CPU
		{71F07D53-B2B7-4002-A483-A3555AB1F981}.Debug|Any CPU.Build.0 = Debug|Any CPU
		{71F07D53-B2B7-4002-A483-A3555AB1F981}.Release|Any CPU.ActiveCfg = Release|Any CPU
		{71F07D53-B2B7-4002-A483-A3555AB1F981}.Release|Any CPU.Build.0 = Release|Any CPU
		{4470654D-54E3-4526-B9A6-86E0FE5C7836}.Debug|Any CPU.ActiveCfg = Debug|Any CPU
		{4470654D-54E3-4526-B9A6-86E0FE5C7836}.Debug|Any CPU.Build.0 = Debug|Any CPU
		{4470654D-54E3-4526-B9A6-86E0FE5C7836}.Release|Any CPU.ActiveCfg = Release|Any CPU
		{4470654D-54E3-4526-B9A6-86E0FE5C7836}.Release|Any CPU.Build.0 = Release|Any CPU
		{E4660D03-CE89-430E-9A32-D15F88ADB474}.Debug|Any CPU.ActiveCfg = Debug|Any CPU
		{E4660D03-CE89-430E-9A32-D15F88ADB474}.Debug|Any CPU.Build.0 = Debug|Any CPU
		{E4660D03-CE89-430E-9A32-D15F88ADB474}.Release|Any CPU.ActiveCfg = Release|Any CPU
		{E4660D03-CE89-430E-9A32-D15F88ADB474}.Release|Any CPU.Build.0 = Release|Any CPU
		{25A0BE6D-492A-4E1D-80B0-72643059A8D6}.Debug|Any CPU.ActiveCfg = Debug|Any CPU
		{25A0BE6D-492A-4E1D-80B0-72643059A8D6}.Debug|Any CPU.Build.0 = Debug|Any CPU
		{25A0BE6D-492A-4E1D-80B0-72643059A8D6}.Release|Any CPU.ActiveCfg = Release|Any CPU
		{25A0BE6D-492A-4E1D-80B0-72643059A8D6}.Release|Any CPU.Build.0 = Release|Any CPU
		{92040F22-30F7-4A84-BF59-8144603B52BA}.Debug|Any CPU.ActiveCfg = Debug|Any CPU
		{92040F22-30F7-4A84-BF59-8144603B52BA}.Debug|Any CPU.Build.0 = Debug|Any CPU
		{92040F22-30F7-4A84-BF59-8144603B52BA}.Release|Any CPU.ActiveCfg = Release|Any CPU
		{92040F22-30F7-4A84-BF59-8144603B52BA}.Release|Any CPU.Build.0 = Release|Any CPU
		{E3DFD4A3-5213-4711-B92B-4BF358CDB71C}.Debug|Any CPU.ActiveCfg = Debug|Any CPU
		{E3DFD4A3-5213-4711-B92B-4BF358CDB71C}.Debug|Any CPU.Build.0 = Debug|Any CPU
		{E3DFD4A3-5213-4711-B92B-4BF358CDB71C}.Release|Any CPU.ActiveCfg = Release|Any CPU
		{E3DFD4A3-5213-4711-B92B-4BF358CDB71C}.Release|Any CPU.Build.0 = Release|Any CPU
		{1A49073A-F699-46E5-90E0-5EF1EFBF7068}.Debug|Any CPU.ActiveCfg = Debug|Any CPU
		{1A49073A-F699-46E5-90E0-5EF1EFBF7068}.Debug|Any CPU.Build.0 = Debug|Any CPU
		{1A49073A-F699-46E5-90E0-5EF1EFBF7068}.Release|Any CPU.ActiveCfg = Release|Any CPU
		{1A49073A-F699-46E5-90E0-5EF1EFBF7068}.Release|Any CPU.Build.0 = Release|Any CPU
		{D70463C8-FF1C-4DA8-879D-8E34DAC7EA48}.Debug|Any CPU.ActiveCfg = Debug|Any CPU
		{D70463C8-FF1C-4DA8-879D-8E34DAC7EA48}.Debug|Any CPU.Build.0 = Debug|Any CPU
		{D70463C8-FF1C-4DA8-879D-8E34DAC7EA48}.Release|Any CPU.ActiveCfg = Release|Any CPU
		{D70463C8-FF1C-4DA8-879D-8E34DAC7EA48}.Release|Any CPU.Build.0 = Release|Any CPU
		{020C3F97-FC5D-415E-96B6-55E6563D704E}.Debug|Any CPU.ActiveCfg = Debug|Any CPU
		{020C3F97-FC5D-415E-96B6-55E6563D704E}.Debug|Any CPU.Build.0 = Debug|Any CPU
		{020C3F97-FC5D-415E-96B6-55E6563D704E}.Release|Any CPU.ActiveCfg = Release|Any CPU
		{020C3F97-FC5D-415E-96B6-55E6563D704E}.Release|Any CPU.Build.0 = Release|Any CPU
		{B0BB323C-7A5F-4059-9E14-B44A11881E2B}.Debug|Any CPU.ActiveCfg = Debug|Any CPU
		{B0BB323C-7A5F-4059-9E14-B44A11881E2B}.Debug|Any CPU.Build.0 = Debug|Any CPU
		{B0BB323C-7A5F-4059-9E14-B44A11881E2B}.Release|Any CPU.ActiveCfg = Release|Any CPU
		{B0BB323C-7A5F-4059-9E14-B44A11881E2B}.Release|Any CPU.Build.0 = Release|Any CPU
		{5A7109B7-DA40-4CD0-8AAF-B86151A9333D}.Debug|Any CPU.ActiveCfg = Debug|Any CPU
		{5A7109B7-DA40-4CD0-8AAF-B86151A9333D}.Debug|Any CPU.Build.0 = Debug|Any CPU
		{5A7109B7-DA40-4CD0-8AAF-B86151A9333D}.Release|Any CPU.ActiveCfg = Release|Any CPU
		{5A7109B7-DA40-4CD0-8AAF-B86151A9333D}.Release|Any CPU.Build.0 = Release|Any CPU
		{6E79E40C-7956-445B-9B86-F6E7037EA80A}.Debug|Any CPU.ActiveCfg = Debug|Any CPU
		{6E79E40C-7956-445B-9B86-F6E7037EA80A}.Debug|Any CPU.Build.0 = Debug|Any CPU
		{6E79E40C-7956-445B-9B86-F6E7037EA80A}.Release|Any CPU.ActiveCfg = Release|Any CPU
		{6E79E40C-7956-445B-9B86-F6E7037EA80A}.Release|Any CPU.Build.0 = Release|Any CPU
		{8F51224E-D890-419A-9CA5-21D19FBDEEC4}.Debug|Any CPU.ActiveCfg = Debug|Any CPU
		{8F51224E-D890-419A-9CA5-21D19FBDEEC4}.Debug|Any CPU.Build.0 = Debug|Any CPU
		{8F51224E-D890-419A-9CA5-21D19FBDEEC4}.Release|Any CPU.ActiveCfg = Release|Any CPU
		{8F51224E-D890-419A-9CA5-21D19FBDEEC4}.Release|Any CPU.Build.0 = Release|Any CPU
		{303716F0-535C-48D1-9033-DB4B01803516}.Debug|Any CPU.ActiveCfg = Debug|Any CPU
		{303716F0-535C-48D1-9033-DB4B01803516}.Debug|Any CPU.Build.0 = Debug|Any CPU
		{303716F0-535C-48D1-9033-DB4B01803516}.Release|Any CPU.ActiveCfg = Release|Any CPU
		{303716F0-535C-48D1-9033-DB4B01803516}.Release|Any CPU.Build.0 = Release|Any CPU
		{C602CCAE-0EF0-4F16-A6B8-92A71C222AD2}.Debug|Any CPU.ActiveCfg = Debug|Any CPU
		{C602CCAE-0EF0-4F16-A6B8-92A71C222AD2}.Debug|Any CPU.Build.0 = Debug|Any CPU
		{C602CCAE-0EF0-4F16-A6B8-92A71C222AD2}.Release|Any CPU.ActiveCfg = Release|Any CPU
		{C602CCAE-0EF0-4F16-A6B8-92A71C222AD2}.Release|Any CPU.Build.0 = Release|Any CPU
		{0AEB0875-23FD-4A2B-918E-D8BD38973582}.Debug|Any CPU.ActiveCfg = Debug|Any CPU
		{0AEB0875-23FD-4A2B-918E-D8BD38973582}.Debug|Any CPU.Build.0 = Debug|Any CPU
		{0AEB0875-23FD-4A2B-918E-D8BD38973582}.Release|Any CPU.ActiveCfg = Release|Any CPU
		{0AEB0875-23FD-4A2B-918E-D8BD38973582}.Release|Any CPU.Build.0 = Release|Any CPU
	EndGlobalSection
	GlobalSection(SolutionProperties) = preSolution
		HideSolutionNode = FALSE
	EndGlobalSection
	GlobalSection(ExtensibilityGlobals) = postSolution
		SolutionGuid = {1B9AE7B6-E3FD-439C-844E-18C235D7B16E}
	EndGlobalSection
EndGlobal
