
Microsoft Visual Studio Solution File, Format Version 12.00
# Visual Studio Version 16
VisualStudioVersion = 16.0.32407.337
MinimumVisualStudioVersion = 10.0.40219.1
Project("{FAE04EC0-301F-11D3-BF4B-00C04F79EFBC}") = "Day01", "Day01\Day01.csproj", "{4305C93C-6D05-4C4F-A806-1ECFC64E4B5E}"
EndProject
Project("{FAE04EC0-301F-11D3-BF4B-00C04F79EFBC}") = "Day02", "Day02\Day02.csproj", "{4CB34177-8EC7-42CF-AA88-8ED316C870F0}"
EndProject
Project("{FAE04EC0-301F-11D3-BF4B-00C04F79EFBC}") = "Day03", "Day03\Day03.csproj", "{481B8FF4-D6C6-4F4B-A7FF-AC7D6755910E}"
EndProject
Project("{FAE04EC0-301F-11D3-BF4B-00C04F79EFBC}") = "Day04", "Day04\Day04.csproj", "{DE0EA50F-0AA9-425A-9B92-E1C9F57CD188}"
EndProject
Global
	GlobalSection(SolutionConfigurationPlatforms) = preSolution
		Debug|Any CPU = Debug|Any CPU
		Release|Any CPU = Release|Any CPU
	EndGlobalSection
	GlobalSection(ProjectConfigurationPlatforms) = postSolution
		{4305C93C-6D05-4C4F-A806-1ECFC64E4B5E}.Debug|Any CPU.ActiveCfg = Debug|Any CPU
		{4305C93C-6D05-4C4F-A806-1ECFC64E4B5E}.Debug|Any CPU.Build.0 = Debug|Any CPU
		{4305C93C-6D05-4C4F-A806-1ECFC64E4B5E}.Release|Any CPU.ActiveCfg = Release|Any CPU
		{4305C93C-6D05-4C4F-A806-1ECFC64E4B5E}.Release|Any CPU.Build.0 = Release|Any CPU
		{4CB34177-8EC7-42CF-AA88-8ED316C870F0}.Debug|Any CPU.ActiveCfg = Debug|Any CPU
		{4CB34177-8EC7-42CF-AA88-8ED316C870F0}.Debug|Any CPU.Build.0 = Debug|Any CPU
		{4CB34177-8EC7-42CF-AA88-8ED316C870F0}.Release|Any CPU.ActiveCfg = Release|Any CPU
		{4CB34177-8EC7-42CF-AA88-8ED316C870F0}.Release|Any CPU.Build.0 = Release|Any CPU
		{481B8FF4-D6C6-4F4B-A7FF-AC7D6755910E}.Debug|Any CPU.ActiveCfg = Debug|Any CPU
		{481B8FF4-D6C6-4F4B-A7FF-AC7D6755910E}.Debug|Any CPU.Build.0 = Debug|Any CPU
		{481B8FF4-D6C6-4F4B-A7FF-AC7D6755910E}.Release|Any CPU.ActiveCfg = Release|Any CPU
		{481B8FF4-D6C6-4F4B-A7FF-AC7D6755910E}.Release|Any CPU.Build.0 = Release|Any CPU
		{DE0EA50F-0AA9-425A-9B92-E1C9F57CD188}.Debug|Any CPU.ActiveCfg = Debug|Any CPU
		{DE0EA50F-0AA9-425A-9B92-E1C9F57CD188}.Debug|Any CPU.Build.0 = Debug|Any CPU
		{DE0EA50F-0AA9-425A-9B92-E1C9F57CD188}.Release|Any CPU.ActiveCfg = Release|Any CPU
		{DE0EA50F-0AA9-425A-9B92-E1C9F57CD188}.Release|Any CPU.Build.0 = Release|Any CPU
	EndGlobalSection
	GlobalSection(SolutionProperties) = preSolution
		HideSolutionNode = FALSE
	EndGlobalSection
	GlobalSection(ExtensibilityGlobals) = postSolution
		SolutionGuid = {1B9AE7B6-E3FD-439C-844E-18C235D7B16E}
	EndGlobalSection
EndGlobal
